
Microsoft Visual Studio Solution File, Format Version 12.00
# Visual Studio 15
VisualStudioVersion = 15.0.27130.2024
MinimumVisualStudioVersion = 10.0.40219.1
Project("{9A19103F-16F7-4668-BE54-9A1E7A4F7556}") = "Entities", "Entities\Entities.csproj", "{35E66FC6-726F-4C73-BC2F-CC8993BDB319}"
EndProject
Project("{9A19103F-16F7-4668-BE54-9A1E7A4F7556}") = "ExtensionImpl", "ExtensionImpl\ExtensionImpl.csproj", "{6F00D3E5-16F3-4D0C-8F97-60799F555ACB}"
EndProject
Project("{9A19103F-16F7-4668-BE54-9A1E7A4F7556}") = "ModelBuilder", "ModelController\ModelBuilder.csproj", "{D42C6D52-843C-4A4F-937D-642C0491B9A1}"
EndProject
Project("{9A19103F-16F7-4668-BE54-9A1E7A4F7556}") = "Server", "Server\Server.csproj", "{29CB5D4D-3CB4-41C4-AF11-091EB844AAC1}"
EndProject
Project("{9A19103F-16F7-4668-BE54-9A1E7A4F7556}") = "BfmEvent", "BfmEvent\BfmEvent.csproj", "{9F3DBF9E-6AC7-46BC-800B-CBA5C1D786D0}"
EndProject
Project("{9A19103F-16F7-4668-BE54-9A1E7A4F7556}") = "JournalEntry", "JournalEntry\JournalEntry.csproj", "{059B70A0-7495-417D-87BB-4001263812DE}"
EndProject
Project("{9A19103F-16F7-4668-BE54-9A1E7A4F7556}") = "Administration", "Administration\Administration.csproj", "{C20F2D02-756F-4EAD-8FCF-B3320F37B290}"
EndProject
Project("{9A19103F-16F7-4668-BE54-9A1E7A4F7556}") = "NonPersistentQueueManager", "NonPersistentQueueManager\NonPersistentQueueManager.csproj", "{B0FBE28B-5243-4931-BADB-4D3C66D33266}"
EndProject
Project("{9A19103F-16F7-4668-BE54-9A1E7A4F7556}") = "PublishingFacade", "PublishingFacade\PublishingFacade.csproj", "{B5087CD0-5FBF-403E-ADE4-22D21E2C6034}"
EndProject
Project("{FAE04EC0-301F-11D3-BF4B-00C04F79EFBC}") = "Aws", "Aws\Aws.csproj", "{FE122E58-1DB0-4A56-A338-C1DFF16A217D}"
EndProject
Project("{FAE04EC0-301F-11D3-BF4B-00C04F79EFBC}") = "Http", "Http\Http.csproj", "{0F05AA32-A4D4-49CA-9785-6EA476231261}"
EndProject
Global
	GlobalSection(SolutionConfigurationPlatforms) = preSolution
		Debug|Any CPU = Debug|Any CPU
		Release|Any CPU = Release|Any CPU
		Debug|x64 = Debug|x64
		Debug|x86 = Debug|x86
		Release|x64 = Release|x64
		Release|x86 = Release|x86
	EndGlobalSection
	GlobalSection(ProjectConfigurationPlatforms) = postSolution
		{35E66FC6-726F-4C73-BC2F-CC8993BDB319}.Debug|Any CPU.ActiveCfg = Debug|Any CPU
		{35E66FC6-726F-4C73-BC2F-CC8993BDB319}.Debug|Any CPU.Build.0 = Debug|Any CPU
		{35E66FC6-726F-4C73-BC2F-CC8993BDB319}.Release|Any CPU.ActiveCfg = Release|Any CPU
		{35E66FC6-726F-4C73-BC2F-CC8993BDB319}.Release|Any CPU.Build.0 = Release|Any CPU
		{6F00D3E5-16F3-4D0C-8F97-60799F555ACB}.Debug|Any CPU.ActiveCfg = Debug|Any CPU
		{6F00D3E5-16F3-4D0C-8F97-60799F555ACB}.Debug|Any CPU.Build.0 = Debug|Any CPU
		{6F00D3E5-16F3-4D0C-8F97-60799F555ACB}.Release|Any CPU.ActiveCfg = Release|Any CPU
		{6F00D3E5-16F3-4D0C-8F97-60799F555ACB}.Release|Any CPU.Build.0 = Release|Any CPU
		{D42C6D52-843C-4A4F-937D-642C0491B9A1}.Debug|Any CPU.ActiveCfg = Debug|Any CPU
		{D42C6D52-843C-4A4F-937D-642C0491B9A1}.Debug|Any CPU.Build.0 = Debug|Any CPU
		{D42C6D52-843C-4A4F-937D-642C0491B9A1}.Release|Any CPU.ActiveCfg = Release|Any CPU
		{D42C6D52-843C-4A4F-937D-642C0491B9A1}.Release|Any CPU.Build.0 = Release|Any CPU
		{29CB5D4D-3CB4-41C4-AF11-091EB844AAC1}.Debug|Any CPU.ActiveCfg = Debug|Any CPU
		{29CB5D4D-3CB4-41C4-AF11-091EB844AAC1}.Debug|Any CPU.Build.0 = Debug|Any CPU
		{29CB5D4D-3CB4-41C4-AF11-091EB844AAC1}.Release|Any CPU.ActiveCfg = Release|Any CPU
		{29CB5D4D-3CB4-41C4-AF11-091EB844AAC1}.Release|Any CPU.Build.0 = Release|Any CPU
		{9F3DBF9E-6AC7-46BC-800B-CBA5C1D786D0}.Debug|Any CPU.ActiveCfg = Debug|Any CPU
		{9F3DBF9E-6AC7-46BC-800B-CBA5C1D786D0}.Debug|Any CPU.Build.0 = Debug|Any CPU
		{9F3DBF9E-6AC7-46BC-800B-CBA5C1D786D0}.Release|Any CPU.ActiveCfg = Release|Any CPU
		{9F3DBF9E-6AC7-46BC-800B-CBA5C1D786D0}.Release|Any CPU.Build.0 = Release|Any CPU
		{059B70A0-7495-417D-87BB-4001263812DE}.Debug|Any CPU.ActiveCfg = Debug|Any CPU
		{059B70A0-7495-417D-87BB-4001263812DE}.Debug|Any CPU.Build.0 = Debug|Any CPU
		{059B70A0-7495-417D-87BB-4001263812DE}.Release|Any CPU.ActiveCfg = Release|Any CPU
		{059B70A0-7495-417D-87BB-4001263812DE}.Release|Any CPU.Build.0 = Release|Any CPU
		{C20F2D02-756F-4EAD-8FCF-B3320F37B290}.Debug|Any CPU.ActiveCfg = Debug|Any CPU
		{C20F2D02-756F-4EAD-8FCF-B3320F37B290}.Debug|Any CPU.Build.0 = Debug|Any CPU
		{C20F2D02-756F-4EAD-8FCF-B3320F37B290}.Release|Any CPU.ActiveCfg = Release|Any CPU
		{C20F2D02-756F-4EAD-8FCF-B3320F37B290}.Release|Any CPU.Build.0 = Release|Any CPU
		{B0FBE28B-5243-4931-BADB-4D3C66D33266}.Debug|Any CPU.ActiveCfg = Debug|Any CPU
		{B0FBE28B-5243-4931-BADB-4D3C66D33266}.Debug|Any CPU.Build.0 = Debug|Any CPU
		{B0FBE28B-5243-4931-BADB-4D3C66D33266}.Release|Any CPU.ActiveCfg = Release|Any CPU
		{B0FBE28B-5243-4931-BADB-4D3C66D33266}.Release|Any CPU.Build.0 = Release|Any CPU
		{B5087CD0-5FBF-403E-ADE4-22D21E2C6034}.Debug|Any CPU.ActiveCfg = Debug|Any CPU
		{B5087CD0-5FBF-403E-ADE4-22D21E2C6034}.Debug|Any CPU.Build.0 = Debug|Any CPU
		{B5087CD0-5FBF-403E-ADE4-22D21E2C6034}.Release|Any CPU.ActiveCfg = Release|Any CPU
		{B5087CD0-5FBF-403E-ADE4-22D21E2C6034}.Release|Any CPU.Build.0 = Release|Any CPU
		{FE122E58-1DB0-4A56-A338-C1DFF16A217D}.Debug|Any CPU.ActiveCfg = Debug|Any CPU
		{FE122E58-1DB0-4A56-A338-C1DFF16A217D}.Debug|Any CPU.Build.0 = Debug|Any CPU
		{FE122E58-1DB0-4A56-A338-C1DFF16A217D}.Release|Any CPU.ActiveCfg = Release|Any CPU
		{FE122E58-1DB0-4A56-A338-C1DFF16A217D}.Release|Any CPU.Build.0 = Release|Any CPU
		{0F05AA32-A4D4-49CA-9785-6EA476231261}.Debug|Any CPU.ActiveCfg = Debug|Any CPU
		{0F05AA32-A4D4-49CA-9785-6EA476231261}.Debug|Any CPU.Build.0 = Debug|Any CPU
		{0F05AA32-A4D4-49CA-9785-6EA476231261}.Debug|x64.ActiveCfg = Debug|x64
		{0F05AA32-A4D4-49CA-9785-6EA476231261}.Debug|x64.Build.0 = Debug|x64
		{0F05AA32-A4D4-49CA-9785-6EA476231261}.Debug|x86.ActiveCfg = Debug|x86
		{0F05AA32-A4D4-49CA-9785-6EA476231261}.Debug|x86.Build.0 = Debug|x86
		{0F05AA32-A4D4-49CA-9785-6EA476231261}.Release|Any CPU.ActiveCfg = Release|Any CPU
		{0F05AA32-A4D4-49CA-9785-6EA476231261}.Release|Any CPU.Build.0 = Release|Any CPU
		{0F05AA32-A4D4-49CA-9785-6EA476231261}.Release|x64.ActiveCfg = Release|x64
		{0F05AA32-A4D4-49CA-9785-6EA476231261}.Release|x64.Build.0 = Release|x64
		{0F05AA32-A4D4-49CA-9785-6EA476231261}.Release|x86.ActiveCfg = Release|x86
		{0F05AA32-A4D4-49CA-9785-6EA476231261}.Release|x86.Build.0 = Release|x86
	EndGlobalSection
	GlobalSection(SolutionProperties) = preSolution
		HideSolutionNode = FALSE
	EndGlobalSection
	GlobalSection(ExtensibilityGlobals) = postSolution
		SolutionGuid = {4B3D195F-F77F-4AC4-9D15-D7BD19752642}
	EndGlobalSection
EndGlobal
